
Microsoft Visual Studio Solution File, Format Version 12.00
# Visual Studio 14
VisualStudioVersion = 14.0.24720.0
MinimumVisualStudioVersion = 10.0.40219.1
Project("{FAE04EC0-301F-11D3-BF4B-00C04F79EFBC}") = "SE2_GameAssignment", "SE2_GameAssignment\SE2_GameAssignment.csproj", "{5257D094-09BB-4A6B-AAB0-C5496AF270BE}"
EndProject
Project("{FAE04EC0-301F-11D3-BF4B-00C04F79EFBC}") = "UnitTestProject1", "UnitTestProject1\UnitTestProject1.csproj", "{3A55EC43-EE00-4532-A368-D89840D9B172}"
EndProject
Global
	GlobalSection(SolutionConfigurationPlatforms) = preSolution
		Debug|Any CPU = Debug|Any CPU
		Release|Any CPU = Release|Any CPU
	EndGlobalSection
	GlobalSection(ProjectConfigurationPlatforms) = postSolution
		{5257D094-09BB-4A6B-AAB0-C5496AF270BE}.Debug|Any CPU.ActiveCfg = Debug|Any CPU
		{5257D094-09BB-4A6B-AAB0-C5496AF270BE}.Debug|Any CPU.Build.0 = Debug|Any CPU
		{5257D094-09BB-4A6B-AAB0-C5496AF270BE}.Release|Any CPU.ActiveCfg = Release|Any CPU
		{5257D094-09BB-4A6B-AAB0-C5496AF270BE}.Release|Any CPU.Build.0 = Release|Any CPU
		{3A55EC43-EE00-4532-A368-D89840D9B172}.Debug|Any CPU.ActiveCfg = Debug|Any CPU
		{3A55EC43-EE00-4532-A368-D89840D9B172}.Debug|Any CPU.Build.0 = Debug|Any CPU
		{3A55EC43-EE00-4532-A368-D89840D9B172}.Release|Any CPU.ActiveCfg = Release|Any CPU
		{3A55EC43-EE00-4532-A368-D89840D9B172}.Release|Any CPU.Build.0 = Release|Any CPU
	EndGlobalSection
	GlobalSection(SolutionProperties) = preSolution
		HideSolutionNode = FALSE
	EndGlobalSection
EndGlobal
